
Microsoft Visual Studio Solution File, Format Version 12.00
# Visual Studio Version 16
VisualStudioVersion = 16.0.30907.101
MinimumVisualStudioVersion = 10.0.40219.1
Project("{FAE04EC0-301F-11D3-BF4B-00C04F79EFBC}") = "CajeroAutomatico", "CajeroAutomatico\CajeroAutomatico.csproj", "{90239A74-17D4-443B-B616-F9FE9FB633F4}"
EndProject
Global
	GlobalSection(SolutionConfigurationPlatforms) = preSolution
		Debug|Any CPU = Debug|Any CPU
		Release|Any CPU = Release|Any CPU
	EndGlobalSection
	GlobalSection(ProjectConfigurationPlatforms) = postSolution
		{90239A74-17D4-443B-B616-F9FE9FB633F4}.Debug|Any CPU.ActiveCfg = Debug|Any CPU
		{90239A74-17D4-443B-B616-F9FE9FB633F4}.Debug|Any CPU.Build.0 = Debug|Any CPU
		{90239A74-17D4-443B-B616-F9FE9FB633F4}.Release|Any CPU.ActiveCfg = Release|Any CPU
		{90239A74-17D4-443B-B616-F9FE9FB633F4}.Release|Any CPU.Build.0 = Release|Any CPU
	EndGlobalSection
	GlobalSection(SolutionProperties) = preSolution
		HideSolutionNode = FALSE
	EndGlobalSection
	GlobalSection(ExtensibilityGlobals) = postSolution
		SolutionGuid = {25834ADA-CEF2-401E-BEB5-0B421E19A358}
	EndGlobalSection
EndGlobal
